<?xml version="1.0" encoding="utf-8"?>
<Project ToolsVersion="4.0" xmlns="http://schemas.microsoft.com/developer/msbuild/2003">
  <ItemGroup>
    <Filter Include="Файлы исходного кода">
      <UniqueIdentifier>{4FC737F1-C7A5-4376-A066-2A32D752A2FF}</UniqueIdentifier>
      <Extensions>cpp;c;cc;cxx;def;odl;idl;hpj;bat;asm;asmx</Extensions>
    </Filter>
    <Filter Include="Заголовочные файлы">
      <UniqueIdentifier>{93995380-89BD-4b04-88EB-625FBE52EBFB}</UniqueIdentifier>
      <Extensions>h;hh;hpp;hxx;hm;inl;inc;xsd</Extensions>
    </Filter>
    <Filter Include="Файлы ресурсов">
      <UniqueIdentifier>{67DA6AB6-F800-4c08-8B7A-83BB121AAD01}</UniqueIdentifier>
      <Extensions>rc;ico;cur;bmp;dlg;rc2;rct;bin;rgs;gif;jpg;jpeg;jpe;resx;tiff;tif;png;wav;mfcribbon-ms</Extensions>
    </Filter>
    <Filter Include="Файлы исходного кода\route">
      <UniqueIdentifier>{ec73f3a2-6a56-4a58-8259-254c91ffebdb}</UniqueIdentifier>
    </Filter>
    <Filter Include="Файлы исходного кода\Tests">
      <UniqueIdentifier>{fad70d6a-5686-4c6a-ae35-42887e135142}</UniqueIdentifier>
    </Filter>
  </ItemGroup>
  <ItemGroup>
    <Text Include="ReadMe.txt" />
    <Text Include="Tests\input.txt">
      <Filter>Файлы исходного кода\Tests</Filter>
    </Text>
    <Text Include="Tests\input1.txt">
      <Filter>Файлы исходного кода\Tests</Filter>
    </Text>
  </ItemGroup>
  <ItemGroup>
    <ClCompile Include="2lab_route4.5.cpp">
      <Filter>Файлы исходного кода</Filter>
    </ClCompile>
    <ClCompile Include="routeFinder.cpp">
      <Filter>Файлы исходного кода\route</Filter>
    </ClCompile>
  </ItemGroup>
  <ItemGroup>
    <None Include="Tests\test.bat">
      <Filter>Файлы исходного кода\Tests</Filter>
    </None>
  </ItemGroup>
  <ItemGroup>
    <ClInclude Include="routeFinder.h">
      <Filter>Файлы исходного кода\route</Filter>
    </ClInclude>
  </ItemGroup>
</Project>